<?xml version="1.0" encoding="utf-8"?>
<Project ToolsVersion="4.0" xmlns="http://schemas.microsoft.com/developer/msbuild/2003">
  <ItemGroup>
    <Filter Include="src">
      <UniqueIdentifier>{3a153fd5-cd56-41e6-95cd-bd190b4fed66}</UniqueIdentifier>
    </Filter>
    <Filter Include="src\Engine">
      <UniqueIdentifier>{c10b7d65-4f41-40e3-89fb-a5343b421b43}</UniqueIdentifier>
    </Filter>
    <Filter Include="src\Engine\Core">
      <UniqueIdentifier>{c0afe266-44f5-485f-b4bd-6e32e65fbe38}</UniqueIdentifier>
    </Filter>
    <Filter Include="src\Engine\Platform">
      <UniqueIdentifier>{9e53e30a-c525-4346-be22-66ca7f44294e}</UniqueIdentifier>
    </Filter>
    <Filter Include="src\Engine\Platform\OpenGL">
      <UniqueIdentifier>{e0c60ebd-d9e2-4150-9087-050fe7a3e909}</UniqueIdentifier>
    </Filter>
    <Filter Include="src\Engine\Platform\windows">
      <UniqueIdentifier>{819e4ae1-22aa-4c89-ac3c-4328606f1af9}</UniqueIdentifier>
    </Filter>
    <Filter Include="src\Engine\Renderer">
      <UniqueIdentifier>{ae1a499e-b499-4bb0-8351-bbcd9887820f}</UniqueIdentifier>
    </Filter>
    <Filter Include="src\Engine\Core\Events">
      <UniqueIdentifier>{4fc12a0f-248a-4605-9827-b180755dfdd3}</UniqueIdentifier>
    </Filter>
  </ItemGroup>
  <ItemGroup>
    <ClCompile Include="src\Engine\Core\Application.cpp">
      <Filter>src\Engine\Core</Filter>
    </ClCompile>
    <ClCompile Include="src\Engine\Core\Log.cpp">
      <Filter>src\Engine\Core</Filter>
    </ClCompile>
    <ClCompile Include="src\Engine\Platform\Windows\WindowsWindow.cpp">
      <Filter>src\Engine\Platform\windows</Filter>
    </ClCompile>
    <ClCompile Include="src\Engine\Renderer\Renderer.cpp">
      <Filter>src\Engine\Renderer</Filter>
    </ClCompile>
    <ClCompile Include="src\Engine\Renderer\RendererContext.cpp">
      <Filter>src\Engine\Renderer</Filter>
    </ClCompile>
    <ClCompile Include="src\Engine\Platform\OpenGL\OpenGLContext.cpp">
      <Filter>src\Engine\Platform\OpenGL</Filter>
    </ClCompile>
  </ItemGroup>
  <ItemGroup>
    <ClInclude Include="src\Engine\Core\Application.h">
      <Filter>src\Engine\Core</Filter>
    </ClInclude>
    <ClInclude Include="src\Engine\Core\Core.h">
      <Filter>src\Engine\Core</Filter>
    </ClInclude>
    <ClInclude Include="src\Engine\Core\Log.h">
      <Filter>src\Engine\Core</Filter>
    </ClInclude>
    <ClInclude Include="src\Engine\Core\EntryPoint.h">
      <Filter>src\Engine</Filter>
    </ClInclude>
    <ClInclude Include="src\Engine.h">
      <Filter>src\Engine</Filter>
    </ClInclude>
    <ClInclude Include="src\Engine\Platform\Windows\WindowsWindow.h">
      <Filter>src\Engine\Platform\windows</Filter>
    </ClInclude>
    <ClInclude Include="src\Engine\Core\Ref.h">
      <Filter>src\Engine\Core</Filter>
    </ClInclude>
    <ClInclude Include="src\Engine\Core\Window.h">
      <Filter>src\Engine\Core</Filter>
    </ClInclude>
    <ClInclude Include="src\Engine\Core\Assert.h">
      <Filter>src\Engine\Core</Filter>
    </ClInclude>
    <ClInclude Include="src\Engine\Renderer\RendererAPI.h">
      <Filter>src\Engine\Renderer</Filter>
    </ClInclude>
    <ClInclude Include="src\Engine\Events\Event.h">
      <Filter>src\Engine\Core\Events</Filter>
    </ClInclude>
    <ClInclude Include="src\Engine\Renderer\RendererContext.h">
      <Filter>src\Engine\Renderer</Filter>
    </ClInclude>
    <ClInclude Include="src\Engine\Platform\OpenGL\OpenGLContext.h">
      <Filter>src\Engine\Platform\OpenGL</Filter>
    </ClInclude>
    <ClInclude Include="src\Engine\Events\ApplicationEvent.h">
      <Filter>src\Engine\Core\Events</Filter>
    </ClInclude>
  </ItemGroup>
</Project>